// !$*UTF8*$!
{
	archiveVersion = 1;
	classes = {
	};
	objectVersion = 55;
	objects = {

/* Begin PBXBuildFile section */
		BAE55CE627A3101500905B72 /* AppDelegate.swift in Sources */ = {isa = PBXBuildFile; fileRef = BAE55CE527A3101500905B72 /* AppDelegate.swift */; };
		BAE55CE827A3101500905B72 /* SceneDelegate.swift in Sources */ = {isa = PBXBuildFile; fileRef = BAE55CE727A3101500905B72 /* SceneDelegate.swift */; };
		BAE55CEA27A3101500905B72 /* ViewController.swift in Sources */ = {isa = PBXBuildFile; fileRef = BAE55CE927A3101500905B72 /* ViewController.swift */; };
		BAE55CED27A3101500905B72 /* Main.storyboard in Resources */ = {isa = PBXBuildFile; fileRef = BAE55CEB27A3101500905B72 /* Main.storyboard */; };
		BAE55CEF27A3101800905B72 /* Assets.xcassets in Resources */ = {isa = PBXBuildFile; fileRef = BAE55CEE27A3101800905B72 /* Assets.xcassets */; };
		BAE55CF227A3101800905B72 /* LaunchScreen.storyboard in Resources */ = {isa = PBXBuildFile; fileRef = BAE55CF027A3101800905B72 /* LaunchScreen.storyboard */; };
		BAE55CFD27A3101800905B72 /* CalculatorAppTests.swift in Sources */ = {isa = PBXBuildFile; fileRef = BAE55CFC27A3101800905B72 /* CalculatorAppTests.swift */; };
		BAE55D0727A3101800905B72 /* CalculatorAppUITests.swift in Sources */ = {isa = PBXBuildFile; fileRef = BAE55D0627A3101800905B72 /* CalculatorAppUITests.swift */; };
		BAE55D0927A3101800905B72 /* CalculatorAppUITestsLaunchTests.swift in Sources */ = {isa = PBXBuildFile; fileRef = BAE55D0827A3101800905B72 /* CalculatorAppUITestsLaunchTests.swift */; };
/* End PBXBuildFile section */

/* Begin PBXContainerItemProxy section */
		BAE55CF927A3101800905B72 /* PBXContainerItemProxy */ = {
			isa = PBXContainerItemProxy;
			containerPortal = BAE55CDA27A3101500905B72 /* Project object */;
			proxyType = 1;
			remoteGlobalIDString = BAE55CE127A3101500905B72;
			remoteInfo = CalculatorApp;
		};
		BAE55D0327A3101800905B72 /* PBXContainerItemProxy */ = {
			isa = PBXContainerItemProxy;
			containerPortal = BAE55CDA27A3101500905B72 /* Project object */;
			proxyType = 1;
			remoteGlobalIDString = BAE55CE127A3101500905B72;
			remoteInfo = CalculatorApp;
		};
/* End PBXContainerItemProxy section */

/* Begin PBXFileReference section */
		BAE55CE227A3101500905B72 /* CalculatorApp.app */ = {isa = PBXFileReference; explicitFileType = wrapper.application; includeInIndex = 0; path = CalculatorApp.app; sourceTree = BUILT_PRODUCTS_DIR; };
		BAE55CE527A3101500905B72 /* AppDelegate.swift */ = {isa = PBXFileReference; lastKnownFileType = sourcecode.swift; path = AppDelegate.swift; sourceTree = "<group>"; };
		BAE55CE727A3101500905B72 /* SceneDelegate.swift */ = {isa = PBXFileReference; lastKnownFileType = sourcecode.swift; path = SceneDelegate.swift; sourceTree = "<group>"; };
		BAE55CE927A3101500905B72 /* ViewController.swift */ = {isa = PBXFileReference; lastKnownFileType = sourcecode.swift; path = ViewController.swift; sourceTree = "<group>"; };
		BAE55CEC27A3101500905B72 /* Base */ = {isa = PBXFileReference; lastKnownFileType = file.storyboard; name = Base; path = Base.lproj/Main.storyboard; sourceTree = "<group>"; };
		BAE55CEE27A3101800905B72 /* Assets.xcassets */ = {isa = PBXFileReference; lastKnownFileType = folder.assetcatalog; path = Assets.xcassets; sourceTree = "<group>"; };
		BAE55CF127A3101800905B72 /* Base */ = {isa = PBXFileReference; lastKnownFileType = file.storyboard; name = Base; path = Base.lproj/LaunchScreen.storyboard; sourceTree = "<group>"; };
		BAE55CF327A3101800905B72 /* Info.plist */ = {isa = PBXFileReference; lastKnownFileType = text.plist.xml; path = Info.plist; sourceTree = "<group>"; };
		BAE55CF827A3101800905B72 /* CalculatorAppTests.xctest */ = {isa = PBXFileReference; explicitFileType = wrapper.cfbundle; includeInIndex = 0; path = CalculatorAppTests.xctest; sourceTree = BUILT_PRODUCTS_DIR; };
		BAE55CFC27A3101800905B72 /* CalculatorAppTests.swift */ = {isa = PBXFileReference; lastKnownFileType = sourcecode.swift; path = CalculatorAppTests.swift; sourceTree = "<group>"; };
		BAE55D0227A3101800905B72 /* CalculatorAppUITests.xctest */ = {isa = PBXFileReference; explicitFileType = wrapper.cfbundle; includeInIndex = 0; path = CalculatorAppUITests.xctest; sourceTree = BUILT_PRODUCTS_DIR; };
		BAE55D0627A3101800905B72 /* CalculatorAppUITests.swift */ = {isa = PBXFileReference; lastKnownFileType = sourcecode.swift; path = CalculatorAppUITests.swift; sourceTree = "<group>"; };
		BAE55D0827A3101800905B72 /* CalculatorAppUITestsLaunchTests.swift */ = {isa = PBXFileReference; lastKnownFileType = sourcecode.swift; path = CalculatorAppUITestsLaunchTests.swift; sourceTree = "<group>"; };
/* End PBXFileReference section */

/* Begin PBXFrameworksBuildPhase section */
		BAE55CDF27A3101500905B72 /* Frameworks */ = {
			isa = PBXFrameworksBuildPhase;
			buildActionMask = 2147483647;
			files = (
			);
			runOnlyForDeploymentPostprocessing = 0;
		};
		BAE55CF527A3101800905B72 /* Frameworks */ = {
			isa = PBXFrameworksBuildPhase;
			buildActionMask = 2147483647;
			files = (
			);
			runOnlyForDeploymentPostprocessing = 0;
		};
		BAE55CFF27A3101800905B72 /* Frameworks */ = {
			isa = PBXFrameworksBuildPhase;
			buildActionMask = 2147483647;
			files = (
			);
			runOnlyForDeploymentPostprocessing = 0;
		};
/* End PBXFrameworksBuildPhase section */

/* Begin PBXGroup section */
		BAE55CD927A3101500905B72 = {
			isa = PBXGroup;
			children = (
				BAE55CE427A3101500905B72 /* CalculatorApp */,
				BAE55CFB27A3101800905B72 /* CalculatorAppTests */,
				BAE55D0527A3101800905B72 /* CalculatorAppUITests */,
				BAE55CE327A3101500905B72 /* Products */,
			);
			sourceTree = "<group>";
		};
		BAE55CE327A3101500905B72 /* Products */ = {
			isa = PBXGroup;
			children = (
				BAE55CE227A3101500905B72 /* CalculatorApp.app */,
				BAE55CF827A3101800905B72 /* CalculatorAppTests.xctest */,
				BAE55D0227A3101800905B72 /* CalculatorAppUITests.xctest */,
			);
			name = Products;
			sourceTree = "<group>";
		};
		BAE55CE427A3101500905B72 /* CalculatorApp */ = {
			isa = PBXGroup;
			children = (
				BAE55CE527A3101500905B72 /* AppDelegate.swift */,
				BAE55CE727A3101500905B72 /* SceneDelegate.swift */,
				BAE55CE927A3101500905B72 /* ViewController.swift */,
				BAE55CEB27A3101500905B72 /* Main.storyboard */,
				BAE55CEE27A3101800905B72 /* Assets.xcassets */,
				BAE55CF027A3101800905B72 /* LaunchScreen.storyboard */,
				BAE55CF327A3101800905B72 /* Info.plist */,
			);
			path = CalculatorApp;
			sourceTree = "<group>";
		};
		BAE55CFB27A3101800905B72 /* CalculatorAppTests */ = {
			isa = PBXGroup;
			children = (
				BAE55CFC27A3101800905B72 /* CalculatorAppTests.swift */,
			);
			path = CalculatorAppTests;
			sourceTree = "<group>";
		};
		BAE55D0527A3101800905B72 /* CalculatorAppUITests */ = {
			isa = PBXGroup;
			children = (
				BAE55D0627A3101800905B72 /* CalculatorAppUITests.swift */,
				BAE55D0827A3101800905B72 /* CalculatorAppUITestsLaunchTests.swift */,
			);
			path = CalculatorAppUITests;
			sourceTree = "<group>";
		};
/* End PBXGroup section */

/* Begin PBXNativeTarget section */
		BAE55CE127A3101500905B72 /* CalculatorApp */ = {
			isa = PBXNativeTarget;
			buildConfigurationList = BAE55D0C27A3101800905B72 /* Build configuration list for PBXNativeTarget "CalculatorApp" */;
			buildPhases = (
				BAE55CDE27A3101500905B72 /* Sources */,
				BAE55CDF27A3101500905B72 /* Frameworks */,
				BAE55CE027A3101500905B72 /* Resources */,
			);
			buildRules = (
			);
			dependencies = (
			);
			name = CalculatorApp;
			productName = CalculatorApp;
			productReference = BAE55CE227A3101500905B72 /* CalculatorApp.app */;
			productType = "com.apple.product-type.application";
		};
		BAE55CF727A3101800905B72 /* CalculatorAppTests */ = {
			isa = PBXNativeTarget;
			buildConfigurationList = BAE55D0F27A3101800905B72 /* Build configuration list for PBXNativeTarget "CalculatorAppTests" */;
			buildPhases = (
				BAE55CF427A3101800905B72 /* Sources */,
				BAE55CF527A3101800905B72 /* Frameworks */,
				BAE55CF627A3101800905B72 /* Resources */,
			);
			buildRules = (
			);
			dependencies = (
				BAE55CFA27A3101800905B72 /* PBXTargetDependency */,
			);
			name = CalculatorAppTests;
			productName = CalculatorAppTests;
			productReference = BAE55CF827A3101800905B72 /* CalculatorAppTests.xctest */;
			productType = "com.apple.product-type.bundle.unit-test";
		};
		BAE55D0127A3101800905B72 /* CalculatorAppUITests */ = {
			isa = PBXNativeTarget;
			buildConfigurationList = BAE55D1227A3101800905B72 /* Build configuration list for PBXNativeTarget "CalculatorAppUITests" */;
			buildPhases = (
				BAE55CFE27A3101800905B72 /* Sources */,
				BAE55CFF27A3101800905B72 /* Frameworks */,
				BAE55D0027A3101800905B72 /* Resources */,
			);
			buildRules = (
			);
			dependencies = (
				BAE55D0427A3101800905B72 /* PBXTargetDependency */,
			);
			name = CalculatorAppUITests;
			productName = CalculatorAppUITests;
			productReference = BAE55D0227A3101800905B72 /* CalculatorAppUITests.xctest */;
			productType = "com.apple.product-type.bundle.ui-testing";
		};
/* End PBXNativeTarget section */

/* Begin PBXProject section */
		BAE55CDA27A3101500905B72 /* Project object */ = {
			isa = PBXProject;
			attributes = {
				BuildIndependentTargetsInParallel = 1;
				LastSwiftUpdateCheck = 1320;
				LastUpgradeCheck = 1320;
				TargetAttributes = {
					BAE55CE127A3101500905B72 = {
						CreatedOnToolsVersion = 13.2.1;
					};
					BAE55CF727A3101800905B72 = {
						CreatedOnToolsVersion = 13.2.1;
						TestTargetID = BAE55CE127A3101500905B72;
					};
					BAE55D0127A3101800905B72 = {
						CreatedOnToolsVersion = 13.2.1;
						TestTargetID = BAE55CE127A3101500905B72;
					};
				};
			};
			buildConfigurationList = BAE55CDD27A3101500905B72 /* Build configuration list for PBXProject "CalculatorApp" */;
			compatibilityVersion = "Xcode 13.0";
			developmentRegion = en;
			hasScannedForEncodings = 0;
			knownRegions = (
				en,
				Base,
			);
			mainGroup = BAE55CD927A3101500905B72;
			productRefGroup = BAE55CE327A3101500905B72 /* Products */;
			projectDirPath = "";
			projectRoot = "";
			targets = (
				BAE55CE127A3101500905B72 /* CalculatorApp */,
				BAE55CF727A3101800905B72 /* CalculatorAppTests */,
				BAE55D0127A3101800905B72 /* CalculatorAppUITests */,
			);
		};
/* End PBXProject section */

/* Begin PBXResourcesBuildPhase section */
		BAE55CE027A3101500905B72 /* Resources */ = {
			isa = PBXResourcesBuildPhase;
			buildActionMask = 2147483647;
			files = (
				BAE55CF227A3101800905B72 /* LaunchScreen.storyboard in Resources */,
				BAE55CEF27A3101800905B72 /* Assets.xcassets in Resources */,
				BAE55CED27A3101500905B72 /* Main.storyboard in Resources */,
			);
			runOnlyForDeploymentPostprocessing = 0;
		};
		BAE55CF627A3101800905B72 /* Resources */ = {
			isa = PBXResourcesBuildPhase;
			buildActionMask = 2147483647;
			files = (
			);
			runOnlyForDeploymentPostprocessing = 0;
		};
		BAE55D0027A3101800905B72 /* Resources */ = {
			isa = PBXResourcesBuildPhase;
			buildActionMask = 2147483647;
			files = (
			);
			runOnlyForDeploymentPostprocessing = 0;
		};
/* End PBXResourcesBuildPhase section */

/* Begin PBXSourcesBuildPhase section */
		BAE55CDE27A3101500905B72 /* Sources */ = {
			isa = PBXSourcesBuildPhase;
			buildActionMask = 2147483647;
			files = (
				BAE55CEA27A3101500905B72 /* ViewController.swift in Sources */,
				BAE55CE627A3101500905B72 /* AppDelegate.swift in Sources */,
				BAE55CE827A3101500905B72 /* SceneDelegate.swift in Sources */,
			);
			runOnlyForDeploymentPostprocessing = 0;
		};
		BAE55CF427A3101800905B72 /* Sources */ = {
			isa = PBXSourcesBuildPhase;
			buildActionMask = 2147483647;
			files = (
				BAE55CFD27A3101800905B72 /* CalculatorAppTests.swift in Sources */,
			);
			runOnlyForDeploymentPostprocessing = 0;
		};
		BAE55CFE27A3101800905B72 /* Sources */ = {
			isa = PBXSourcesBuildPhase;
			buildActionMask = 2147483647;
			files = (
				BAE55D0927A3101800905B72 /* CalculatorAppUITestsLaunchTests.swift in Sources */,
				BAE55D0727A3101800905B72 /* CalculatorAppUITests.swift in Sources */,
			);
			runOnlyForDeploymentPostprocessing = 0;
		};
/* End PBXSourcesBuildPhase section */

/* Begin PBXTargetDependency section */
		BAE55CFA27A3101800905B72 /* PBXTargetDependency */ = {
			isa = PBXTargetDependency;
			target = BAE55CE127A3101500905B72 /* CalculatorApp */;
			targetProxy = BAE55CF927A3101800905B72 /* PBXContainerItemProxy */;
		};
		BAE55D0427A3101800905B72 /* PBXTargetDependency */ = {
			isa = PBXTargetDependency;
			target = BAE55CE127A3101500905B72 /* CalculatorApp */;
			targetProxy = BAE55D0327A3101800905B72 /* PBXContainerItemProxy */;
		};
/* End PBXTargetDependency section */

/* Begin PBXVariantGroup section */
		BAE55CEB27A3101500905B72 /* Main.storyboard */ = {
			isa = PBXVariantGroup;
			children = (
				BAE55CEC27A3101500905B72 /* Base */,
			);
			name = Main.storyboard;
			sourceTree = "<group>";
		};
		BAE55CF027A3101800905B72 /* LaunchScreen.storyboard */ = {
			isa = PBXVariantGroup;
			children = (
				BAE55CF127A3101800905B72 /* Base */,
			);
			name = LaunchScreen.storyboard;
			sourceTree = "<group>";
		};
/* End PBXVariantGroup section */

/* Begin XCBuildConfiguration section */
		BAE55D0A27A3101800905B72 /* Debug */ = {
			isa = XCBuildConfiguration;
			buildSettings = {
				ALWAYS_SEARCH_USER_PATHS = NO;
				CLANG_ANALYZER_NONNULL = YES;
				CLANG_ANALYZER_NUMBER_OBJECT_CONVERSION = YES_AGGRESSIVE;
				CLANG_CXX_LANGUAGE_STANDARD = "gnu++17";
				CLANG_CXX_LIBRARY = "libc++";
				CLANG_ENABLE_MODULES = YES;
				CLANG_ENABLE_OBJC_ARC = YES;
				CLANG_ENABLE_OBJC_WEAK = YES;
				CLANG_WARN_BLOCK_CAPTURE_AUTORELEASING = YES;
				CLANG_WARN_BOOL_CONVERSION = YES;
				CLANG_WARN_COMMA = YES;
				CLANG_WARN_CONSTANT_CONVERSION = YES;
				CLANG_WARN_DEPRECATED_OBJC_IMPLEMENTATIONS = YES;
				CLANG_WARN_DIRECT_OBJC_ISA_USAGE = YES_ERROR;
				CLANG_WARN_DOCUMENTATION_COMMENTS = YES;
				CLANG_WARN_EMPTY_BODY = YES;
				CLANG_WARN_ENUM_CONVERSION = YES;
				CLANG_WARN_INFINITE_RECURSION = YES;
				CLANG_WARN_INT_CONVERSION = YES;
				CLANG_WARN_NON_LITERAL_NULL_CONVERSION = YES;
				CLANG_WARN_OBJC_IMPLICIT_RETAIN_SELF = YES;
				CLANG_WARN_OBJC_LITERAL_CONVERSION = YES;
				CLANG_WARN_OBJC_ROOT_CLASS = YES_ERROR;
				CLANG_WARN_QUOTED_INCLUDE_IN_FRAMEWORK_HEADER = YES;
				CLANG_WARN_RANGE_LOOP_ANALYSIS = YES;
				CLANG_WARN_STRICT_PROTOTYPES = YES;
				CLANG_WARN_SUSPICIOUS_MOVE = YES;
				CLANG_WARN_UNGUARDED_AVAILABILITY = YES_AGGRESSIVE;
				CLANG_WARN_UNREACHABLE_CODE = YES;
				CLANG_WARN__DUPLICATE_METHOD_MATCH = YES;
				COPY_PHASE_STRIP = NO;
				DEBUG_INFORMATION_FORMAT = dwarf;
				ENABLE_STRICT_OBJC_MSGSEND = YES;
				ENABLE_TESTABILITY = YES;
				GCC_C_LANGUAGE_STANDARD = gnu11;
				GCC_DYNAMIC_NO_PIC = NO;
				GCC_NO_COMMON_BLOCKS = YES;
				GCC_OPTIMIZATION_LEVEL = 0;
				GCC_PREPROCESSOR_DEFINITIONS = (
					"DEBUG=1",
					"$(inherited)",
				);
				GCC_WARN_64_TO_32_BIT_CONVERSION = YES;
				GCC_WARN_ABOUT_RETURN_TYPE = YES_ERROR;
				GCC_WARN_UNDECLARED_SELECTOR = YES;
				GCC_WARN_UNINITIALIZED_AUTOS = YES_AGGRESSIVE;
				GCC_WARN_UNUSED_FUNCTION = YES;
				GCC_WARN_UNUSED_VARIABLE = YES;
				IPHONEOS_DEPLOYMENT_TARGET = 15.2;
				MTL_ENABLE_DEBUG_INFO = INCLUDE_SOURCE;
				MTL_FAST_MATH = YES;
				ONLY_ACTIVE_ARCH = YES;
				SDKROOT = iphoneos;
				SWIFT_ACTIVE_COMPILATION_CONDITIONS = DEBUG;
				SWIFT_OPTIMIZATION_LEVEL = "-Onone";
			};
			name = Debug;
		};
		BAE55D0B27A3101800905B72 /* Release */ = {
			isa = XCBuildConfiguration;
			buildSettings = {
				ALWAYS_SEARCH_USER_PATHS = NO;
				CLANG_ANALYZER_NONNULL = YES;
				CLANG_ANALYZER_NUMBER_OBJECT_CONVERSION = YES_AGGRESSIVE;
				CLANG_CXX_LANGUAGE_STANDARD = "gnu++17";
				CLANG_CXX_LIBRARY = "libc++";
				CLANG_ENABLE_MODULES = YES;
				CLANG_ENABLE_OBJC_ARC = YES;
				CLANG_ENABLE_OBJC_WEAK = YES;
				CLANG_WARN_BLOCK_CAPTURE_AUTORELEASING = YES;
				CLANG_WARN_BOOL_CONVERSION = YES;
				CLANG_WARN_COMMA = YES;
				CLANG_WARN_CONSTANT_CONVERSION = YES;
				CLANG_WARN_DEPRECATED_OBJC_IMPLEMENTATIONS = YES;
				CLANG_WARN_DIRECT_OBJC_ISA_USAGE = YES_ERROR;
				CLANG_WARN_DOCUMENTATION_COMMENTS = YES;
				CLANG_WARN_EMPTY_BODY = YES;
				CLANG_WARN_ENUM_CONVERSION = YES;
				CLANG_WARN_INFINITE_RECURSION = YES;
				CLANG_WARN_INT_CONVERSION = YES;
				CLANG_WARN_NON_LITERAL_NULL_CONVERSION = YES;
				CLANG_WARN_OBJC_IMPLICIT_RETAIN_SELF = YES;
				CLANG_WARN_OBJC_LITERAL_CONVERSION = YES;
				CLANG_WARN_OBJC_ROOT_CLASS = YES_ERROR;
				CLANG_WARN_QUOTED_INCLUDE_IN_FRAMEWORK_HEADER = YES;
				CLANG_WARN_RANGE_LOOP_ANALYSIS = YES;
				CLANG_WARN_STRICT_PROTOTYPES = YES;
				CLANG_WARN_SUSPICIOUS_MOVE = YES;
				CLANG_WARN_UNGUARDED_AVAILABILITY = YES_AGGRESSIVE;
				CLANG_WARN_UNREACHABLE_CODE = YES;
				CLANG_WARN__DUPLICATE_METHOD_MATCH = YES;
				COPY_PHASE_STRIP = NO;
				DEBUG_INFORMATION_FORMAT = "dwarf-with-dsym";
				ENABLE_NS_ASSERTIONS = NO;
				ENABLE_STRICT_OBJC_MSGSEND = YES;
				GCC_C_LANGUAGE_STANDARD = gnu11;
				GCC_NO_COMMON_BLOCKS = YES;
				GCC_WARN_64_TO_32_BIT_CONVERSION = YES;
				GCC_WARN_ABOUT_RETURN_TYPE = YES_ERROR;
				GCC_WARN_UNDECLARED_SELECTOR = YES;
				GCC_WARN_UNINITIALIZED_AUTOS = YES_AGGRESSIVE;
				GCC_WARN_UNUSED_FUNCTION = YES;
				GCC_WARN_UNUSED_VARIABLE = YES;
				IPHONEOS_DEPLOYMENT_TARGET = 15.2;
				MTL_ENABLE_DEBUG_INFO = NO;
				MTL_FAST_MATH = YES;
				SDKROOT = iphoneos;
				SWIFT_COMPILATION_MODE = wholemodule;
				SWIFT_OPTIMIZATION_LEVEL = "-O";
				VALIDATE_PRODUCT = YES;
			};
			name = Release;
		};
		BAE55D0D27A3101800905B72 /* Debug */ = {
			isa = XCBuildConfiguration;
			buildSettings = {
				ASSETCATALOG_COMPILER_APPICON_NAME = AppIcon;
				ASSETCATALOG_COMPILER_GLOBAL_ACCENT_COLOR_NAME = AccentColor;
				CODE_SIGN_STYLE = Automatic;
				CURRENT_PROJECT_VERSION = 1;
				GENERATE_INFOPLIST_FILE = YES;
				INFOPLIST_FILE = CalculatorApp/Info.plist;
				INFOPLIST_KEY_CFBundleDisplayName = CalculatorApp;
				INFOPLIST_KEY_UIApplicationSupportsIndirectInputEvents = YES;
				INFOPLIST_KEY_UILaunchStoryboardName = LaunchScreen;
				INFOPLIST_KEY_UIMainStoryboardFile = Main;
				INFOPLIST_KEY_UISupportedInterfaceOrientations_iPad = "UIInterfaceOrientationPortrait UIInterfaceOrientationPortraitUpsideDown UIInterfaceOrientationLandscapeLeft UIInterfaceOrientationLandscapeRight";
				INFOPLIST_KEY_UISupportedInterfaceOrientations_iPhone = "UIInterfaceOrientationPortrait UIInterfaceOrientationLandscapeLeft UIInterfaceOrientationLandscapeRight";
				LD_RUNPATH_SEARCH_PATHS = (
					"$(inherited)",
					"@executable_path/Frameworks",
				);
				MARKETING_VERSION = 1.0;
				PRODUCT_BUNDLE_IDENTIFIER = Northwest.CalculatorApp;
				PRODUCT_NAME = "$(TARGET_NAME)";
				SWIFT_EMIT_LOC_STRINGS = YES;
				SWIFT_VERSION = 5.0;
				TARGETED_DEVICE_FAMILY = "1,2";
			};
			name = Debug;
		};
		BAE55D0E27A3101800905B72 /* Release */ = {
			isa = XCBuildConfiguration;
			buildSettings = {
				ASSETCATALOG_COMPILER_APPICON_NAME = AppIcon;
				ASSETCATALOG_COMPILER_GLOBAL_ACCENT_COLOR_NAME = AccentColor;
				CODE_SIGN_STYLE = Automatic;
				CURRENT_PROJECT_VERSION = 1;
				GENERATE_INFOPLIST_FILE = YES;
				INFOPLIST_FILE = CalculatorApp/Info.plist;
				INFOPLIST_KEY_CFBundleDisplayName = CalculatorApp;
				INFOPLIST_KEY_UIApplicationSupportsIndirectInputEvents = YES;
				INFOPLIST_KEY_UILaunchStoryboardName = LaunchScreen;
				INFOPLIST_KEY_UIMainStoryboardFile = Main;
				INFOPLIST_KEY_UISupportedInterfaceOrientations_iPad = "UIInterfaceOrientationPortrait UIInterfaceOrientationPortraitUpsideDown UIInterfaceOrientationLandscapeLeft UIInterfaceOrientationLandscapeRight";
				INFOPLIST_KEY_UISupportedInterfaceOrientations_iPhone = "UIInterfaceOrientationPortrait UIInterfaceOrientationLandscapeLeft UIInterfaceOrientationLandscapeRight";
				LD_RUNPATH_SEARCH_PATHS = (
					"$(inherited)",
					"@executable_path/Frameworks",
				);
				MARKETING_VERSION = 1.0;
				PRODUCT_BUNDLE_IDENTIFIER = Northwest.CalculatorApp;
				PRODUCT_NAME = "$(TARGET_NAME)";
				SWIFT_EMIT_LOC_STRINGS = YES;
				SWIFT_VERSION = 5.0;
				TARGETED_DEVICE_FAMILY = "1,2";
			};
			name = Release;
		};
		BAE55D1027A3101800905B72 /* Debug */ = {
			isa = XCBuildConfiguration;
			buildSettings = {
				ALWAYS_EMBED_SWIFT_STANDARD_LIBRARIES = YES;
				BUNDLE_LOADER = "$(TEST_HOST)";
				CODE_SIGN_STYLE = Automatic;
				CURRENT_PROJECT_VERSION = 1;
				GENERATE_INFOPLIST_FILE = YES;
				IPHONEOS_DEPLOYMENT_TARGET = 15.2;
				MARKETING_VERSION = 1.0;
				PRODUCT_BUNDLE_IDENTIFIER = Northwest.CalculatorAppTests;
				PRODUCT_NAME = "$(TARGET_NAME)";
				SWIFT_EMIT_LOC_STRINGS = NO;
				SWIFT_VERSION = 5.0;
				TARGETED_DEVICE_FAMILY = "1,2";
				TEST_HOST = "$(BUILT_PRODUCTS_DIR)/CalculatorApp.app/CalculatorApp";
			};
			name = Debug;
		};
		BAE55D1127A3101800905B72 /* Release */ = {
			isa = XCBuildConfiguration;
			buildSettings = {
				ALWAYS_EMBED_SWIFT_STANDARD_LIBRARIES = YES;
				BUNDLE_LOADER = "$(TEST_HOST)";
				CODE_SIGN_STYLE = Automatic;
				CURRENT_PROJECT_VERSION = 1;
				GENERATE_INFOPLIST_FILE = YES;
				IPHONEOS_DEPLOYMENT_TARGET = 15.2;
				MARKETING_VERSION = 1.0;
				PRODUCT_BUNDLE_IDENTIFIER = Northwest.CalculatorAppTests;
				PRODUCT_NAME = "$(TARGET_NAME)";
				SWIFT_EMIT_LOC_STRINGS = NO;
				SWIFT_VERSION = 5.0;
				TARGETED_DEVICE_FAMILY = "1,2";
				TEST_HOST = "$(BUILT_PRODUCTS_DIR)/CalculatorApp.app/CalculatorApp";
			};
			name = Release;
		};
		BAE55D1327A3101800905B72 /* Debug */ = {
			isa = XCBuildConfiguration;
			buildSettings = {
				ALWAYS_EMBED_SWIFT_STANDARD_LIBRARIES = YES;
				CODE_SIGN_STYLE = Automatic;
				CURRENT_PROJECT_VERSION = 1;
				GENERATE_INFOPLIST_FILE = YES;
				MARKETING_VERSION = 1.0;
				PRODUCT_BUNDLE_IDENTIFIER = Northwest.CalculatorAppUITests;
				PRODUCT_NAME = "$(TARGET_NAME)";
				SWIFT_EMIT_LOC_STRINGS = NO;
				SWIFT_VERSION = 5.0;
				TARGETED_DEVICE_FAMILY = "1,2";
				TEST_TARGET_NAME = CalculatorApp;
			};
			name = Debug;
		};
		BAE55D1427A3101800905B72 /* Release */ = {
			isa = XCBuildConfiguration;
			buildSettings = {
				ALWAYS_EMBED_SWIFT_STANDARD_LIBRARIES = YES;
				CODE_SIGN_STYLE = Automatic;
				CURRENT_PROJECT_VERSION = 1;
				GENERATE_INFOPLIST_FILE = YES;
				MARKETING_VERSION = 1.0;
				PRODUCT_BUNDLE_IDENTIFIER = Northwest.CalculatorAppUITests;
				PRODUCT_NAME = "$(TARGET_NAME)";
				SWIFT_EMIT_LOC_STRINGS = NO;
				SWIFT_VERSION = 5.0;
				TARGETED_DEVICE_FAMILY = "1,2";
				TEST_TARGET_NAME = CalculatorApp;
			};
			name = Release;
		};
/* End XCBuildConfiguration section */

/* Begin XCConfigurationList section */
		BAE55CDD27A3101500905B72 /* Build configuration list for PBXProject "CalculatorApp" */ = {
			isa = XCConfigurationList;
			buildConfigurations = (
				BAE55D0A27A3101800905B72 /* Debug */,
				BAE55D0B27A3101800905B72 /* Release */,
			);
			defaultConfigurationIsVisible = 0;
			defaultConfigurationName = Release;
		};
		BAE55D0C27A3101800905B72 /* Build configuration list for PBXNativeTarget "CalculatorApp" */ = {
			isa = XCConfigurationList;
			buildConfigurations = (
				BAE55D0D27A3101800905B72 /* Debug */,
				BAE55D0E27A3101800905B72 /* Release */,
			);
			defaultConfigurationIsVisible = 0;
			defaultConfigurationName = Release;
		};
		BAE55D0F27A3101800905B72 /* Build configuration list for PBXNativeTarget "CalculatorAppTests" */ = {
			isa = XCConfigurationList;
			buildConfigurations = (
				BAE55D1027A3101800905B72 /* Debug */,
				BAE55D1127A3101800905B72 /* Release */,
			);
			defaultConfigurationIsVisible = 0;
			defaultConfigurationName = Release;
		};
		BAE55D1227A3101800905B72 /* Build configuration list for PBXNativeTarget "CalculatorAppUITests" */ = {
			isa = XCConfigurationList;
			buildConfigurations = (
				BAE55D1327A3101800905B72 /* Debug */,
				BAE55D1427A3101800905B72 /* Release */,
			);
			defaultConfigurationIsVisible = 0;
			defaultConfigurationName = Release;
		};
/* End XCConfigurationList section */
	};
	rootObject = BAE55CDA27A3101500905B72 /* Project object */;
}
